
Microsoft Visual Studio Solution File, Format Version 12.00
# Visual Studio Version 17
VisualStudioVersion = 17.13.35913.81 d17.13
MinimumVisualStudioVersion = 10.0.40219.1
Project("{FAE04EC0-301F-11D3-BF4B-00C04F79EFBC}") = "Meetoditetöö", "Meetoditetöö.csproj", "{C46BE391-9833-4178-A066-C93B4B62A2BD}"
EndProject
Global
	GlobalSection(SolutionConfigurationPlatforms) = preSolution
		Debug|Any CPU = Debug|Any CPU
		Release|Any CPU = Release|Any CPU
	EndGlobalSection
	GlobalSection(ProjectConfigurationPlatforms) = postSolution
		{C46BE391-9833-4178-A066-C93B4B62A2BD}.Debug|Any CPU.ActiveCfg = Debug|Any CPU
		{C46BE391-9833-4178-A066-C93B4B62A2BD}.Debug|Any CPU.Build.0 = Debug|Any CPU
		{C46BE391-9833-4178-A066-C93B4B62A2BD}.Release|Any CPU.ActiveCfg = Release|Any CPU
		{C46BE391-9833-4178-A066-C93B4B62A2BD}.Release|Any CPU.Build.0 = Release|Any CPU
	EndGlobalSection
	GlobalSection(SolutionProperties) = preSolution
		HideSolutionNode = FALSE
	EndGlobalSection
	GlobalSection(ExtensibilityGlobals) = postSolution
		SolutionGuid = {E65A32F3-5811-488A-91AA-9626D396B39A}
	EndGlobalSection
EndGlobal
