
Microsoft Visual Studio Solution File, Format Version 12.00
# Visual Studio Version 17
VisualStudioVersion = 17.14.36705.20 d17.14
MinimumVisualStudioVersion = 10.0.40219.1
Project("{FAE04EC0-301F-11D3-BF4B-00C04F79EFBC}") = "CASTING", "CASTING.csproj", "{1F2A24D9-C8BF-476C-AC8A-A478A4024BEC}"
EndProject
Global
	GlobalSection(SolutionConfigurationPlatforms) = preSolution
		Debug|Any CPU = Debug|Any CPU
		Release|Any CPU = Release|Any CPU
	EndGlobalSection
	GlobalSection(ProjectConfigurationPlatforms) = postSolution
		{1F2A24D9-C8BF-476C-AC8A-A478A4024BEC}.Debug|Any CPU.ActiveCfg = Debug|Any CPU
		{1F2A24D9-C8BF-476C-AC8A-A478A4024BEC}.Debug|Any CPU.Build.0 = Debug|Any CPU
		{1F2A24D9-C8BF-476C-AC8A-A478A4024BEC}.Release|Any CPU.ActiveCfg = Release|Any CPU
		{1F2A24D9-C8BF-476C-AC8A-A478A4024BEC}.Release|Any CPU.Build.0 = Release|Any CPU
	EndGlobalSection
	GlobalSection(SolutionProperties) = preSolution
		HideSolutionNode = FALSE
	EndGlobalSection
	GlobalSection(ExtensibilityGlobals) = postSolution
		SolutionGuid = {2ACD5FA6-A8D1-49AE-8D04-10F961BF83D4}
	EndGlobalSection
EndGlobal
