
Microsoft Visual Studio Solution File, Format Version 12.00
# Visual Studio Version 17
VisualStudioVersion = 17.13.35913.81 d17.13
MinimumVisualStudioVersion = 10.0.40219.1
Project("{FAE04EC0-301F-11D3-BF4B-00C04F79EFBC}") = "meetodid", "meetodid.csproj", "{08C9112E-DB40-463F-AFD6-B6E65FF33882}"
EndProject
Global
	GlobalSection(SolutionConfigurationPlatforms) = preSolution
		Debug|Any CPU = Debug|Any CPU
		Release|Any CPU = Release|Any CPU
	EndGlobalSection
	GlobalSection(ProjectConfigurationPlatforms) = postSolution
		{08C9112E-DB40-463F-AFD6-B6E65FF33882}.Debug|Any CPU.ActiveCfg = Debug|Any CPU
		{08C9112E-DB40-463F-AFD6-B6E65FF33882}.Debug|Any CPU.Build.0 = Debug|Any CPU
		{08C9112E-DB40-463F-AFD6-B6E65FF33882}.Release|Any CPU.ActiveCfg = Release|Any CPU
		{08C9112E-DB40-463F-AFD6-B6E65FF33882}.Release|Any CPU.Build.0 = Release|Any CPU
	EndGlobalSection
	GlobalSection(SolutionProperties) = preSolution
		HideSolutionNode = FALSE
	EndGlobalSection
	GlobalSection(ExtensibilityGlobals) = postSolution
		SolutionGuid = {48363C82-1FFC-4118-B980-36454D5467A5}
	EndGlobalSection
EndGlobal
